{
  "version": 1,
  "dependencies": {
    "net8.0-windows7.0": {
      "CheapLoc": {
        "type": "Direct",
        "requested": "[1.1.8, )",
        "resolved": "1.1.8",
        "contentHash": "b6p8ct7RuSspsNB8kOSCNDv7l7PsDrdaxrbtLcC5PfWK5hquRenFugV/yHhfhd2rH4B28+TaBqVxi8qCfvtQZg==",
        "dependencies": {
          "Mono.Cecil": "0.11.3",
          "Newtonsoft.Json": "12.0.2"
        }
      },
      "Dalamud.DrunkenToad": {
        "type": "Direct",
        "requested": "[1.9.2, )",
        "resolved": "1.9.2",
        "contentHash": "fT7ntQ1swV+U9H9I1TI6hJVXVSKxifzXex9D5EOdxqk3ZoHDwTLaKjKxWBrGOI+NI12UjgYWC7DPW39oJfqIfg==",
        "dependencies": {
          "Dalamud.Loc": "1.1.2",
          "Microsoft.Extensions.DependencyInjection": "7.0.0"
        }
      },
      "DalamudPackager": {
        "type": "Direct",
        "requested": "[11.0.0, )",
        "resolved": "11.0.0",
        "contentHash": "bjT7XUlhIJSmsE/O76b7weUX+evvGQctbQB8aKXt94o+oPWxHpCepxAGMs7Thow3AzCyqWs7cOpp9/2wcgRRQA=="
      },
      "Dalamud.Loc": {
        "type": "Transitive",
        "resolved": "1.1.2",
        "contentHash": "Sy7ooP1+mGtoCCPltgUNATz3UbnRFihVcDfg9wB2rdsfY5FDfCW/k3jpLZiJZc3xXHyttzwttJeVC3tE3JsEGw=="
      },
      "Microsoft.Extensions.DependencyInjection": {
        "type": "Transitive",
        "resolved": "7.0.0",
        "contentHash": "elNeOmkeX3eDVG6pYVeV82p29hr+UKDaBhrZyWvWLw/EVZSYEkZlQdkp0V39k/Xehs2Qa0mvoCvkVj3eQxNQ1Q==",
        "dependencies": {
          "Microsoft.Extensions.DependencyInjection.Abstractions": "7.0.0"
        }
      },
      "Microsoft.Extensions.DependencyInjection.Abstractions": {
        "type": "Transitive",
        "resolved": "7.0.0",
        "contentHash": "h3j/QfmFN4S0w4C2A6X7arXij/M/OVw3uQHSOFxnND4DyAzO1F9eMX7Eti7lU/OkSthEE0WzRsfT/Dmx86jzCw=="
      },
      "Mono.Cecil": {
        "type": "Transitive",
        "resolved": "0.11.3",
        "contentHash": "DNYE+io5XfEE8+E+5padThTPHJARJHbz1mhbhMPNrrWGKVKKqj/KEeLvbawAmbIcT73NuxLV7itHZaYCZcVWGg=="
      },
      "Newtonsoft.Json": {
        "type": "Transitive",
        "resolved": "12.0.2",
        "contentHash": "rTK0s2EKlfHsQsH6Yx2smvcTCeyoDNgCW7FEYyV01drPlh2T243PR2DiDXqtC5N4GDm4Ma/lkxfW5a/4793vbA=="
      }
    }
  }
}