{
  "version": 1,
  "dependencies": {
    "net6.0-windows7.0": {
      "DalamudPackager": {
        "type": "Direct",
        "requested": "[2.1.8, )",
        "resolved": "2.1.8",
        "contentHash": "YqagNXs9InxmqkXzq7kLveImxnodkBEicAhydMXVp7dFjC7xb76U6zGgAax4/BWIWfZeWzr5DJyQSev31kj81A=="
      },
      "ILRepack": {
        "type": "Direct",
        "requested": "[2.0.18, )",
        "resolved": "2.0.18",
        "contentHash": "sR5Aj3JLDbA8JwESfWYfigSz5k1oNSHPN434W1LX8sboWJYEOSQP/KkvZGmJKPgajzSUKkl2jDar3LPZiMFU4Q=="
      },
      "XivCommon": {
        "type": "Direct",
        "requested": "[4.0.0, )",
        "resolved": "4.0.0",
        "contentHash": "gM8ahhUA3gniqb2TFdXtHwGKyctBuMb1SuiZ36OD9MEqOiQHTnJSlSP6jr+NkGSFaP5OCr21wu//nGOlXCSdqg=="
      }
    }
  }
}